
Microsoft Visual Studio Solution File, Format Version 12.00
# Visual Studio Version 17
VisualStudioVersion = 17.0.31903.59
MinimumVisualStudioVersion = 10.0.40219.1
Project("{FAE04EC0-301F-11D3-BF4B-00C04F79EFBC}") = "ClassAndObjectDemo", "ClassAndObjectDemo\ClassAndObjectDemo.csproj", "{651CDCC7-28CD-4CE4-885B-FDCF2BDE7117}"
EndProject
Global
	GlobalSection(SolutionConfigurationPlatforms) = preSolution
		Debug|Any CPU = Debug|Any CPU
		Release|Any CPU = Release|Any CPU
	EndGlobalSection
	GlobalSection(ProjectConfigurationPlatforms) = postSolution
		{651CDCC7-28CD-4CE4-885B-FDCF2BDE7117}.Debug|Any CPU.ActiveCfg = Debug|Any CPU
		{651CDCC7-28CD-4CE4-885B-FDCF2BDE7117}.Debug|Any CPU.Build.0 = Debug|Any CPU
		{651CDCC7-28CD-4CE4-885B-FDCF2BDE7117}.Release|Any CPU.ActiveCfg = Release|Any CPU
		{651CDCC7-28CD-4CE4-885B-FDCF2BDE7117}.Release|Any CPU.Build.0 = Release|Any CPU
	EndGlobalSection
	GlobalSection(SolutionProperties) = preSolution
		HideSolutionNode = FALSE
	EndGlobalSection
	GlobalSection(ExtensibilityGlobals) = postSolution
		SolutionGuid = {8AFEE1BC-6E90-4FC4-937D-8B9109A2F138}
	EndGlobalSection
EndGlobal
